
Microsoft Visual Studio Solution File, Format Version 12.00
# Visual Studio Version 17
VisualStudioVersion = 17.0.32112.339
MinimumVisualStudioVersion = 10.0.40219.1
Project("{9A19103F-16F7-4668-BE54-9A1E7A4F7556}") = "kPERIL", "kPERIL.csproj", "{E99C6856-681E-4D9E-97EC-A1EA0CD37FF3}"
EndProject
Global
	GlobalSection(SolutionConfigurationPlatforms) = preSolution
		Debug|Any CPU = Debug|Any CPU
		Debug|x86 = Debug|x86
		Release|Any CPU = Release|Any CPU
		Release|x86 = Release|x86
	EndGlobalSection
	GlobalSection(ProjectConfigurationPlatforms) = postSolution
		{E99C6856-681E-4D9E-97EC-A1EA0CD37FF3}.Debug|Any CPU.ActiveCfg = Release|x86
		{E99C6856-681E-4D9E-97EC-A1EA0CD37FF3}.Debug|Any CPU.Build.0 = Release|x86
		{E99C6856-681E-4D9E-97EC-A1EA0CD37FF3}.Debug|x86.ActiveCfg = Debug|ARM32
		{E99C6856-681E-4D9E-97EC-A1EA0CD37FF3}.Debug|x86.Build.0 = Debug|ARM32
		{E99C6856-681E-4D9E-97EC-A1EA0CD37FF3}.Release|x86.ActiveCfg = Release|x86
		{E99C6856-681E-4D9E-97EC-A1EA0CD37FF3}.Release|x86.Build.0 = Release|x86
		{E99C6856-681E-4D9E-97EC-A1EA0CD37FF3}.Release|Any CPU.ActiveCfg = Release|Any CPU
		{E99C6856-681E-4D9E-97EC-A1EA0CD37FF3}.Release|Any CPU.Build.0 = Release|Any CPU
	EndGlobalSection
	GlobalSection(SolutionProperties) = preSolution
		HideSolutionNode = FALSE
	EndGlobalSection
	GlobalSection(ExtensibilityGlobals) = postSolution
		SolutionGuid = {537A5072-29F8-400A-AD27-500846BB1E40}
	EndGlobalSection
EndGlobal
